
Microsoft Visual Studio Solution File, Format Version 12.00
# Visual Studio Version 16
VisualStudioVersion = 16.0.29519.87
MinimumVisualStudioVersion = 10.0.40219.1
Project("{FAE04EC0-301F-11D3-BF4B-00C04F79EFBC}") = "EncrypTion_Project", "EncrypTion_Project\EncrypTion_Project.csproj", "{0456DA0B-85A4-43FA-8E90-F6EBEDD4015F}"
EndProject
Global
	GlobalSection(SolutionConfigurationPlatforms) = preSolution
		Debug|Any CPU = Debug|Any CPU
		Release|Any CPU = Release|Any CPU
	EndGlobalSection
	GlobalSection(ProjectConfigurationPlatforms) = postSolution
		{0456DA0B-85A4-43FA-8E90-F6EBEDD4015F}.Debug|Any CPU.ActiveCfg = Debug|Any CPU
		{0456DA0B-85A4-43FA-8E90-F6EBEDD4015F}.Debug|Any CPU.Build.0 = Debug|Any CPU
		{0456DA0B-85A4-43FA-8E90-F6EBEDD4015F}.Release|Any CPU.ActiveCfg = Release|Any CPU
		{0456DA0B-85A4-43FA-8E90-F6EBEDD4015F}.Release|Any CPU.Build.0 = Release|Any CPU
	EndGlobalSection
	GlobalSection(SolutionProperties) = preSolution
		HideSolutionNode = FALSE
	EndGlobalSection
	GlobalSection(ExtensibilityGlobals) = postSolution
		SolutionGuid = {7D39BE8C-D924-48A5-BD71-7DD738A6E323}
	EndGlobalSection
EndGlobal
